{
  "name": "chatooly-employer-brand-tool",
  "version": "1.0.0",
  "lockfileVersion": 3,
  "requires": true,
  "packages": {
    "": {
      "name": "chatooly-employer-brand-tool",
      "version": "1.0.0",
      "license": "MIT",
      "dependencies": {
        "font-measure": "^1.2.2"
      },
      "devDependencies": {
        "@playwright/test": "^1.40.0"
      },
      "engines": {
        "node": ">=16.0.0"
      }
    },
    "node_modules/@playwright/test": {
      "version": "1.55.0",
      "resolved": "https://registry.npmjs.org/@playwright/test/-/test-1.55.0.tgz",
      "integrity": "sha512-04IXzPwHrW69XusN/SIdDdKZBzMfOT9UNT/YiJit/xpy2VuAoB8NHc8Aplb96zsWDddLnbkPL3TsmrS04ZU2xQ==",
      "dev": true,
      "license": "Apache-2.0",
      "dependencies": {
        "playwright": "1.55.0"
      },
      "bin": {
        "playwright": "cli.js"
      },
      "engines": {
        "node": ">=18"
      }
    },
    "node_modules/css-font": {
      "version": "1.2.0",
      "resolved": "https://registry.npmjs.org/css-font/-/css-font-1.2.0.tgz",
      "integrity": "sha512-V4U4Wps4dPDACJ4WpgofJ2RT5Yqwe1lEH6wlOOaIxMi0gTjdIijsc5FmxQlZ7ZZyKQkkutqqvULOp07l9c7ssA==",
      "license": "MIT",
      "dependencies": {
        "css-font-size-keywords": "^1.0.0",
        "css-font-stretch-keywords": "^1.0.1",
        "css-font-style-keywords": "^1.0.1",
        "css-font-weight-keywords": "^1.0.0",
        "css-global-keywords": "^1.0.1",
        "css-system-font-keywords": "^1.0.0",
        "pick-by-alias": "^1.2.0",
        "string-split-by": "^1.0.0",
        "unquote": "^1.1.0"
      }
    },
    "node_modules/css-font-size-keywords": {
      "version": "1.0.0",
      "resolved": "https://registry.npmjs.org/css-font-size-keywords/-/css-font-size-keywords-1.0.0.tgz",
      "integrity": "sha512-Q+svMDbMlelgCfH/RVDKtTDaf5021O486ZThQPIpahnIjUkMUslC+WuOQSWTgGSrNCH08Y7tYNEmmy0hkfMI8Q==",
      "license": "MIT"
    },
    "node_modules/css-font-stretch-keywords": {
      "version": "1.0.1",
      "resolved": "https://registry.npmjs.org/css-font-stretch-keywords/-/css-font-stretch-keywords-1.0.1.tgz",
      "integrity": "sha512-KmugPO2BNqoyp9zmBIUGwt58UQSfyk1X5DbOlkb2pckDXFSAfjsD5wenb88fNrD6fvS+vu90a/tsPpb9vb0SLg==",
      "license": "MIT"
    },
    "node_modules/css-font-style-keywords": {
      "version": "1.0.1",
      "resolved": "https://registry.npmjs.org/css-font-style-keywords/-/css-font-style-keywords-1.0.1.tgz",
      "integrity": "sha512-0Fn0aTpcDktnR1RzaBYorIxQily85M2KXRpzmxQPgh8pxUN9Fcn00I8u9I3grNr1QXVgCl9T5Imx0ZwKU973Vg==",
      "license": "MIT"
    },
    "node_modules/css-font-weight-keywords": {
      "version": "1.0.0",
      "resolved": "https://registry.npmjs.org/css-font-weight-keywords/-/css-font-weight-keywords-1.0.0.tgz",
      "integrity": "sha512-5So8/NH+oDD+EzsnF4iaG4ZFHQ3vaViePkL1ZbZ5iC/KrsCY+WHq/lvOgrtmuOQ9pBBZ1ADGpaf+A4lj1Z9eYA==",
      "license": "MIT"
    },
    "node_modules/css-global-keywords": {
      "version": "1.0.1",
      "resolved": "https://registry.npmjs.org/css-global-keywords/-/css-global-keywords-1.0.1.tgz",
      "integrity": "sha512-X1xgQhkZ9n94WDwntqst5D/FKkmiU0GlJSFZSV3kLvyJ1WC5VeyoXDOuleUD+SIuH9C7W05is++0Woh0CGfKjQ==",
      "license": "MIT"
    },
    "node_modules/css-system-font-keywords": {
      "version": "1.0.0",
      "resolved": "https://registry.npmjs.org/css-system-font-keywords/-/css-system-font-keywords-1.0.0.tgz",
      "integrity": "sha512-1umTtVd/fXS25ftfjB71eASCrYhilmEsvDEI6wG/QplnmlfmVM5HkZ/ZX46DT5K3eblFPgLUHt5BRCb0YXkSFA==",
      "license": "MIT"
    },
    "node_modules/font-measure": {
      "version": "1.2.2",
      "resolved": "https://registry.npmjs.org/font-measure/-/font-measure-1.2.2.tgz",
      "integrity": "sha512-mRLEpdrWzKe9hbfaF3Qpr06TAjquuBVP5cHy4b3hyeNdjc9i0PO6HniGsX5vjL5OWv7+Bd++NiooNpT/s8BvIA==",
      "license": "MIT",
      "dependencies": {
        "css-font": "^1.2.0"
      }
    },
    "node_modules/fsevents": {
      "version": "2.3.2",
      "resolved": "https://registry.npmjs.org/fsevents/-/fsevents-2.3.2.tgz",
      "integrity": "sha512-xiqMQR4xAeHTuB9uWm+fFRcIOgKBMiOBP+eXiyT7jsgVCq1bkVygt00oASowB7EdtpOHaaPgKt812P9ab+DDKA==",
      "dev": true,
      "hasInstallScript": true,
      "license": "MIT",
      "optional": true,
      "os": [
        "darwin"
      ],
      "engines": {
        "node": "^8.16.0 || ^10.6.0 || >=11.0.0"
      }
    },
    "node_modules/parenthesis": {
      "version": "3.1.8",
      "resolved": "https://registry.npmjs.org/parenthesis/-/parenthesis-3.1.8.tgz",
      "integrity": "sha512-KF/U8tk54BgQewkJPvB4s/US3VQY68BRDpH638+7O/n58TpnwiwnOtGIOsT2/i+M78s61BBpeC83STB88d8sqw==",
      "license": "MIT"
    },
    "node_modules/pick-by-alias": {
      "version": "1.2.0",
      "resolved": "https://registry.npmjs.org/pick-by-alias/-/pick-by-alias-1.2.0.tgz",
      "integrity": "sha512-ESj2+eBxhGrcA1azgHs7lARG5+5iLakc/6nlfbpjcLl00HuuUOIuORhYXN4D1HfvMSKuVtFQjAlnwi1JHEeDIw==",
      "license": "MIT"
    },
    "node_modules/playwright": {
      "version": "1.55.0",
      "resolved": "https://registry.npmjs.org/playwright/-/playwright-1.55.0.tgz",
      "integrity": "sha512-sdCWStblvV1YU909Xqx0DhOjPZE4/5lJsIS84IfN9dAZfcl/CIZ5O8l3o0j7hPMjDvqoTF8ZUcc+i/GL5erstA==",
      "dev": true,
      "license": "Apache-2.0",
      "dependencies": {
        "playwright-core": "1.55.0"
      },
      "bin": {
        "playwright": "cli.js"
      },
      "engines": {
        "node": ">=18"
      },
      "optionalDependencies": {
        "fsevents": "2.3.2"
      }
    },
    "node_modules/playwright-core": {
      "version": "1.55.0",
      "resolved": "https://registry.npmjs.org/playwright-core/-/playwright-core-1.55.0.tgz",
      "integrity": "sha512-GvZs4vU3U5ro2nZpeiwyb0zuFaqb9sUiAJuyrWpcGouD8y9/HLgGbNRjIph7zU9D3hnPaisMl9zG9CgFi/biIg==",
      "dev": true,
      "license": "Apache-2.0",
      "bin": {
        "playwright-core": "cli.js"
      },
      "engines": {
        "node": ">=18"
      }
    },
    "node_modules/string-split-by": {
      "version": "1.0.0",
      "resolved": "https://registry.npmjs.org/string-split-by/-/string-split-by-1.0.0.tgz",
      "integrity": "sha512-KaJKY+hfpzNyet/emP81PJA9hTVSfxNLS9SFTWxdCnnW1/zOOwiV248+EfoX7IQFcBaOp4G5YE6xTJMF+pLg6A==",
      "license": "MIT",
      "dependencies": {
        "parenthesis": "^3.1.5"
      }
    },
    "node_modules/unquote": {
      "version": "1.1.1",
      "resolved": "https://registry.npmjs.org/unquote/-/unquote-1.1.1.tgz",
      "integrity": "sha512-vRCqFv6UhXpWxZPyGDh/F3ZpNv8/qo7w6iufLpQg9aKnQ71qM4B5KiI7Mia9COcjEhrO9LueHpMYjYzsWH3OIg==",
      "license": "MIT"
    }
  }
}
